// !$*UTF8*$!
{
	archiveVersion = 1;
	classes = {
	};
	objectVersion = 56;
	objects = {

/* Begin PBXBuildFile section */
		047DC06029AD9FF100C2CFB9 /* main.swift in Sources */ = {isa = PBXBuildFile; fileRef = 047DC05F29AD9FF100C2CFB9 /* main.swift */; };
		04AD7F5329D272F2001078A7 /* Potion.swift in Sources */ = {isa = PBXBuildFile; fileRef = 04AD7F5229D272F2001078A7 /* Potion.swift */; };
		04AD7F5529D2730B001078A7 /* Monster.swift in Sources */ = {isa = PBXBuildFile; fileRef = 04AD7F5429D2730B001078A7 /* Monster.swift */; };
		04AD7F5729D27315001078A7 /* Hero.swift in Sources */ = {isa = PBXBuildFile; fileRef = 04AD7F5629D27315001078A7 /* Hero.swift */; };
		04AD7F5929D27340001078A7 /* Skill.swift in Sources */ = {isa = PBXBuildFile; fileRef = 04AD7F5829D27340001078A7 /* Skill.swift */; };
		04AD7F5F29D279CA001078A7 /* Shield.swift in Sources */ = {isa = PBXBuildFile; fileRef = 04AD7F5E29D279CA001078A7 /* Shield.swift */; };
		04AD7F6129D28759001078A7 /* Attack.swift in Sources */ = {isa = PBXBuildFile; fileRef = 04AD7F6029D28759001078A7 /* Attack.swift */; };
		04CF7A3929D4C89400542FE5 /* Health_Pot.swift in Sources */ = {isa = PBXBuildFile; fileRef = 04CF7A3829D4C89400542FE5 /* Health_Pot.swift */; };
		04CF7A3B29D4C98600542FE5 /* Mana_Pot.swift in Sources */ = {isa = PBXBuildFile; fileRef = 04CF7A3A29D4C98600542FE5 /* Mana_Pot.swift */; };
		04EEE3E829DD2F190095BED6 /* Enemy.swift in Sources */ = {isa = PBXBuildFile; fileRef = 04EEE3E729DD2F190095BED6 /* Enemy.swift */; };
		04EEE42129DE949E0095BED6 /* Inventory.swift in Sources */ = {isa = PBXBuildFile; fileRef = 04EEE42029DE949E0095BED6 /* Inventory.swift */; };
/* End PBXBuildFile section */

/* Begin PBXCopyFilesBuildPhase section */
		047DC05A29AD9FF100C2CFB9 /* CopyFiles */ = {
			isa = PBXCopyFilesBuildPhase;
			buildActionMask = 2147483647;
			dstPath = /usr/share/man/man1/;
			dstSubfolderSpec = 0;
			files = (
			);
			runOnlyForDeploymentPostprocessing = 1;
		};
/* End PBXCopyFilesBuildPhase section */

/* Begin PBXFileReference section */
		047DC05C29AD9FF100C2CFB9 /* 0706012110055-Muhammad Ghifari Febriansyah-AFL 1 */ = {isa = PBXFileReference; explicitFileType = "compiled.mach-o.executable"; includeInIndex = 0; path = "0706012110055-Muhammad Ghifari Febriansyah-AFL 1"; sourceTree = BUILT_PRODUCTS_DIR; };
		047DC05F29AD9FF100C2CFB9 /* main.swift */ = {isa = PBXFileReference; lastKnownFileType = sourcecode.swift; path = main.swift; sourceTree = "<group>"; };
		04AD7F5229D272F2001078A7 /* Potion.swift */ = {isa = PBXFileReference; lastKnownFileType = sourcecode.swift; path = Potion.swift; sourceTree = "<group>"; };
		04AD7F5429D2730B001078A7 /* Monster.swift */ = {isa = PBXFileReference; lastKnownFileType = sourcecode.swift; path = Monster.swift; sourceTree = "<group>"; };
		04AD7F5629D27315001078A7 /* Hero.swift */ = {isa = PBXFileReference; lastKnownFileType = sourcecode.swift; path = Hero.swift; sourceTree = "<group>"; };
		04AD7F5829D27340001078A7 /* Skill.swift */ = {isa = PBXFileReference; lastKnownFileType = sourcecode.swift; path = Skill.swift; sourceTree = "<group>"; };
		04AD7F5E29D279CA001078A7 /* Shield.swift */ = {isa = PBXFileReference; lastKnownFileType = sourcecode.swift; path = Shield.swift; sourceTree = "<group>"; };
		04AD7F6029D28759001078A7 /* Attack.swift */ = {isa = PBXFileReference; fileEncoding = 4; lastKnownFileType = sourcecode.swift; path = Attack.swift; sourceTree = "<group>"; };
		04CF7A3829D4C89400542FE5 /* Health_Pot.swift */ = {isa = PBXFileReference; lastKnownFileType = sourcecode.swift; path = Health_Pot.swift; sourceTree = "<group>"; };
		04CF7A3A29D4C98600542FE5 /* Mana_Pot.swift */ = {isa = PBXFileReference; lastKnownFileType = sourcecode.swift; path = Mana_Pot.swift; sourceTree = "<group>"; };
		04EEE3E729DD2F190095BED6 /* Enemy.swift */ = {isa = PBXFileReference; lastKnownFileType = sourcecode.swift; path = Enemy.swift; sourceTree = "<group>"; };
		04EEE42029DE949E0095BED6 /* Inventory.swift */ = {isa = PBXFileReference; lastKnownFileType = sourcecode.swift; path = Inventory.swift; sourceTree = "<group>"; };
/* End PBXFileReference section */

/* Begin PBXFrameworksBuildPhase section */
		047DC05929AD9FF100C2CFB9 /* Frameworks */ = {
			isa = PBXFrameworksBuildPhase;
			buildActionMask = 2147483647;
			files = (
			);
			runOnlyForDeploymentPostprocessing = 0;
		};
/* End PBXFrameworksBuildPhase section */

/* Begin PBXGroup section */
		047DC05329AD9FF100C2CFB9 = {
			isa = PBXGroup;
			children = (
				047DC05E29AD9FF100C2CFB9 /* 0706012110055-Muhammad Ghifari Febriansyah-AFL 1 */,
				047DC05D29AD9FF100C2CFB9 /* Products */,
			);
			sourceTree = "<group>";
		};
		047DC05D29AD9FF100C2CFB9 /* Products */ = {
			isa = PBXGroup;
			children = (
				047DC05C29AD9FF100C2CFB9 /* 0706012110055-Muhammad Ghifari Febriansyah-AFL 1 */,
			);
			name = Products;
			sourceTree = "<group>";
		};
		047DC05E29AD9FF100C2CFB9 /* 0706012110055-Muhammad Ghifari Febriansyah-AFL 1 */ = {
			isa = PBXGroup;
			children = (
				047DC05F29AD9FF100C2CFB9 /* main.swift */,
				04AD7F5229D272F2001078A7 /* Potion.swift */,
				04AD7F5429D2730B001078A7 /* Monster.swift */,
				04AD7F5629D27315001078A7 /* Hero.swift */,
				04AD7F5829D27340001078A7 /* Skill.swift */,
				04AD7F6029D28759001078A7 /* Attack.swift */,
				04AD7F5E29D279CA001078A7 /* Shield.swift */,
				04CF7A3829D4C89400542FE5 /* Health_Pot.swift */,
				04CF7A3A29D4C98600542FE5 /* Mana_Pot.swift */,
				04EEE3E729DD2F190095BED6 /* Enemy.swift */,
				04EEE42029DE949E0095BED6 /* Inventory.swift */,
			);
			path = "0706012110055-Muhammad Ghifari Febriansyah-AFL 1";
			sourceTree = "<group>";
		};
/* End PBXGroup section */

/* Begin PBXNativeTarget section */
		047DC05B29AD9FF100C2CFB9 /* 0706012110055-Muhammad Ghifari Febriansyah-AFL 1 */ = {
			isa = PBXNativeTarget;
			buildConfigurationList = 047DC06329AD9FF100C2CFB9 /* Build configuration list for PBXNativeTarget "0706012110055-Muhammad Ghifari Febriansyah-AFL 1" */;
			buildPhases = (
				047DC05829AD9FF100C2CFB9 /* Sources */,
				047DC05929AD9FF100C2CFB9 /* Frameworks */,
				047DC05A29AD9FF100C2CFB9 /* CopyFiles */,
			);
			buildRules = (
			);
			dependencies = (
			);
			name = "0706012110055-Muhammad Ghifari Febriansyah-AFL 1";
			productName = "0706012110055-Muhammad Ghifari Febriansyah-AFL 1";
			productReference = 047DC05C29AD9FF100C2CFB9 /* 0706012110055-Muhammad Ghifari Febriansyah-AFL 1 */;
			productType = "com.apple.product-type.tool";
		};
/* End PBXNativeTarget section */

/* Begin PBXProject section */
		047DC05429AD9FF100C2CFB9 /* Project object */ = {
			isa = PBXProject;
			attributes = {
				BuildIndependentTargetsInParallel = 1;
				LastSwiftUpdateCheck = 1420;
				LastUpgradeCheck = 1420;
				TargetAttributes = {
					047DC05B29AD9FF100C2CFB9 = {
						CreatedOnToolsVersion = 14.2;
					};
				};
			};
			buildConfigurationList = 047DC05729AD9FF100C2CFB9 /* Build configuration list for PBXProject "0706012110055-Muhammad Ghifari Febriansyah-AFL 1" */;
			compatibilityVersion = "Xcode 14.0";
			developmentRegion = en;
			hasScannedForEncodings = 0;
			knownRegions = (
				en,
				Base,
			);
			mainGroup = 047DC05329AD9FF100C2CFB9;
			productRefGroup = 047DC05D29AD9FF100C2CFB9 /* Products */;
			projectDirPath = "";
			projectRoot = "";
			targets = (
				047DC05B29AD9FF100C2CFB9 /* 0706012110055-Muhammad Ghifari Febriansyah-AFL 1 */,
			);
		};
/* End PBXProject section */

/* Begin PBXSourcesBuildPhase section */
		047DC05829AD9FF100C2CFB9 /* Sources */ = {
			isa = PBXSourcesBuildPhase;
			buildActionMask = 2147483647;
			files = (
				04AD7F5F29D279CA001078A7 /* Shield.swift in Sources */,
				04AD7F5329D272F2001078A7 /* Potion.swift in Sources */,
				04AD7F5529D2730B001078A7 /* Monster.swift in Sources */,
				04CF7A3929D4C89400542FE5 /* Health_Pot.swift in Sources */,
				04AD7F6129D28759001078A7 /* Attack.swift in Sources */,
				04EEE42129DE949E0095BED6 /* Inventory.swift in Sources */,
				04AD7F5929D27340001078A7 /* Skill.swift in Sources */,
				04EEE3E829DD2F190095BED6 /* Enemy.swift in Sources */,
				047DC06029AD9FF100C2CFB9 /* main.swift in Sources */,
				04CF7A3B29D4C98600542FE5 /* Mana_Pot.swift in Sources */,
				04AD7F5729D27315001078A7 /* Hero.swift in Sources */,
			);
			runOnlyForDeploymentPostprocessing = 0;
		};
/* End PBXSourcesBuildPhase section */

/* Begin XCBuildConfiguration section */
		047DC06129AD9FF100C2CFB9 /* Debug */ = {
			isa = XCBuildConfiguration;
			buildSettings = {
				ALWAYS_SEARCH_USER_PATHS = NO;
				CLANG_ANALYZER_NONNULL = YES;
				CLANG_ANALYZER_NUMBER_OBJECT_CONVERSION = YES_AGGRESSIVE;
				CLANG_CXX_LANGUAGE_STANDARD = "gnu++20";
				CLANG_ENABLE_MODULES = YES;
				CLANG_ENABLE_OBJC_ARC = YES;
				CLANG_ENABLE_OBJC_WEAK = YES;
				CLANG_WARN_BLOCK_CAPTURE_AUTORELEASING = YES;
				CLANG_WARN_BOOL_CONVERSION = YES;
				CLANG_WARN_COMMA = YES;
				CLANG_WARN_CONSTANT_CONVERSION = YES;
				CLANG_WARN_DEPRECATED_OBJC_IMPLEMENTATIONS = YES;
				CLANG_WARN_DIRECT_OBJC_ISA_USAGE = YES_ERROR;
				CLANG_WARN_DOCUMENTATION_COMMENTS = YES;
				CLANG_WARN_EMPTY_BODY = YES;
				CLANG_WARN_ENUM_CONVERSION = YES;
				CLANG_WARN_INFINITE_RECURSION = YES;
				CLANG_WARN_INT_CONVERSION = YES;
				CLANG_WARN_NON_LITERAL_NULL_CONVERSION = YES;
				CLANG_WARN_OBJC_IMPLICIT_RETAIN_SELF = YES;
				CLANG_WARN_OBJC_LITERAL_CONVERSION = YES;
				CLANG_WARN_OBJC_ROOT_CLASS = YES_ERROR;
				CLANG_WARN_QUOTED_INCLUDE_IN_FRAMEWORK_HEADER = YES;
				CLANG_WARN_RANGE_LOOP_ANALYSIS = YES;
				CLANG_WARN_STRICT_PROTOTYPES = YES;
				CLANG_WARN_SUSPICIOUS_MOVE = YES;
				CLANG_WARN_UNGUARDED_AVAILABILITY = YES_AGGRESSIVE;
				CLANG_WARN_UNREACHABLE_CODE = YES;
				CLANG_WARN__DUPLICATE_METHOD_MATCH = YES;
				COPY_PHASE_STRIP = NO;
				DEBUG_INFORMATION_FORMAT = dwarf;
				ENABLE_STRICT_OBJC_MSGSEND = YES;
				ENABLE_TESTABILITY = YES;
				GCC_C_LANGUAGE_STANDARD = gnu11;
				GCC_DYNAMIC_NO_PIC = NO;
				GCC_NO_COMMON_BLOCKS = YES;
				GCC_OPTIMIZATION_LEVEL = 0;
				GCC_PREPROCESSOR_DEFINITIONS = (
					"DEBUG=1",
					"$(inherited)",
				);
				GCC_WARN_64_TO_32_BIT_CONVERSION = YES;
				GCC_WARN_ABOUT_RETURN_TYPE = YES_ERROR;
				GCC_WARN_UNDECLARED_SELECTOR = YES;
				GCC_WARN_UNINITIALIZED_AUTOS = YES_AGGRESSIVE;
				GCC_WARN_UNUSED_FUNCTION = YES;
				GCC_WARN_UNUSED_VARIABLE = YES;
				MACOSX_DEPLOYMENT_TARGET = 13.0;
				MTL_ENABLE_DEBUG_INFO = INCLUDE_SOURCE;
				MTL_FAST_MATH = YES;
				ONLY_ACTIVE_ARCH = YES;
				SDKROOT = macosx;
				SWIFT_ACTIVE_COMPILATION_CONDITIONS = DEBUG;
				SWIFT_OPTIMIZATION_LEVEL = "-Onone";
			};
			name = Debug;
		};
		047DC06229AD9FF100C2CFB9 /* Release */ = {
			isa = XCBuildConfiguration;
			buildSettings = {
				ALWAYS_SEARCH_USER_PATHS = NO;
				CLANG_ANALYZER_NONNULL = YES;
				CLANG_ANALYZER_NUMBER_OBJECT_CONVERSION = YES_AGGRESSIVE;
				CLANG_CXX_LANGUAGE_STANDARD = "gnu++20";
				CLANG_ENABLE_MODULES = YES;
				CLANG_ENABLE_OBJC_ARC = YES;
				CLANG_ENABLE_OBJC_WEAK = YES;
				CLANG_WARN_BLOCK_CAPTURE_AUTORELEASING = YES;
				CLANG_WARN_BOOL_CONVERSION = YES;
				CLANG_WARN_COMMA = YES;
				CLANG_WARN_CONSTANT_CONVERSION = YES;
				CLANG_WARN_DEPRECATED_OBJC_IMPLEMENTATIONS = YES;
				CLANG_WARN_DIRECT_OBJC_ISA_USAGE = YES_ERROR;
				CLANG_WARN_DOCUMENTATION_COMMENTS = YES;
				CLANG_WARN_EMPTY_BODY = YES;
				CLANG_WARN_ENUM_CONVERSION = YES;
				CLANG_WARN_INFINITE_RECURSION = YES;
				CLANG_WARN_INT_CONVERSION = YES;
				CLANG_WARN_NON_LITERAL_NULL_CONVERSION = YES;
				CLANG_WARN_OBJC_IMPLICIT_RETAIN_SELF = YES;
				CLANG_WARN_OBJC_LITERAL_CONVERSION = YES;
				CLANG_WARN_OBJC_ROOT_CLASS = YES_ERROR;
				CLANG_WARN_QUOTED_INCLUDE_IN_FRAMEWORK_HEADER = YES;
				CLANG_WARN_RANGE_LOOP_ANALYSIS = YES;
				CLANG_WARN_STRICT_PROTOTYPES = YES;
				CLANG_WARN_SUSPICIOUS_MOVE = YES;
				CLANG_WARN_UNGUARDED_AVAILABILITY = YES_AGGRESSIVE;
				CLANG_WARN_UNREACHABLE_CODE = YES;
				CLANG_WARN__DUPLICATE_METHOD_MATCH = YES;
				COPY_PHASE_STRIP = NO;
				DEBUG_INFORMATION_FORMAT = "dwarf-with-dsym";
				ENABLE_NS_ASSERTIONS = NO;
				ENABLE_STRICT_OBJC_MSGSEND = YES;
				GCC_C_LANGUAGE_STANDARD = gnu11;
				GCC_NO_COMMON_BLOCKS = YES;
				GCC_WARN_64_TO_32_BIT_CONVERSION = YES;
				GCC_WARN_ABOUT_RETURN_TYPE = YES_ERROR;
				GCC_WARN_UNDECLARED_SELECTOR = YES;
				GCC_WARN_UNINITIALIZED_AUTOS = YES_AGGRESSIVE;
				GCC_WARN_UNUSED_FUNCTION = YES;
				GCC_WARN_UNUSED_VARIABLE = YES;
				MACOSX_DEPLOYMENT_TARGET = 13.0;
				MTL_ENABLE_DEBUG_INFO = NO;
				MTL_FAST_MATH = YES;
				SDKROOT = macosx;
				SWIFT_COMPILATION_MODE = wholemodule;
				SWIFT_OPTIMIZATION_LEVEL = "-O";
			};
			name = Release;
		};
		047DC06429AD9FF100C2CFB9 /* Debug */ = {
			isa = XCBuildConfiguration;
			buildSettings = {
				CODE_SIGN_STYLE = Automatic;
				DEVELOPMENT_TEAM = 47UNRM7N7F;
				ENABLE_HARDENED_RUNTIME = YES;
				PRODUCT_NAME = "$(TARGET_NAME)";
				SWIFT_VERSION = 5.0;
			};
			name = Debug;
		};
		047DC06529AD9FF100C2CFB9 /* Release */ = {
			isa = XCBuildConfiguration;
			buildSettings = {
				CODE_SIGN_STYLE = Automatic;
				DEVELOPMENT_TEAM = 47UNRM7N7F;
				ENABLE_HARDENED_RUNTIME = YES;
				PRODUCT_NAME = "$(TARGET_NAME)";
				SWIFT_VERSION = 5.0;
			};
			name = Release;
		};
/* End XCBuildConfiguration section */

/* Begin XCConfigurationList section */
		047DC05729AD9FF100C2CFB9 /* Build configuration list for PBXProject "0706012110055-Muhammad Ghifari Febriansyah-AFL 1" */ = {
			isa = XCConfigurationList;
			buildConfigurations = (
				047DC06129AD9FF100C2CFB9 /* Debug */,
				047DC06229AD9FF100C2CFB9 /* Release */,
			);
			defaultConfigurationIsVisible = 0;
			defaultConfigurationName = Release;
		};
		047DC06329AD9FF100C2CFB9 /* Build configuration list for PBXNativeTarget "0706012110055-Muhammad Ghifari Febriansyah-AFL 1" */ = {
			isa = XCConfigurationList;
			buildConfigurations = (
				047DC06429AD9FF100C2CFB9 /* Debug */,
				047DC06529AD9FF100C2CFB9 /* Release */,
			);
			defaultConfigurationIsVisible = 0;
			defaultConfigurationName = Release;
		};
/* End XCConfigurationList section */
	};
	rootObject = 047DC05429AD9FF100C2CFB9 /* Project object */;
}
